
Microsoft Visual Studio Solution File, Format Version 12.00
# Visual Studio Version 17
VisualStudioVersion = 17.13.35825.156 d17.13
MinimumVisualStudioVersion = 10.0.40219.1
Project("{FAE04EC0-301F-11D3-BF4B-00C04F79EFBC}") = "lab_PO", "lab_PO\lab_PO.csproj", "{67FD3C77-DA1C-4AB2-985C-976750D90776}"
EndProject
Global
	GlobalSection(SolutionConfigurationPlatforms) = preSolution
		Debug|Any CPU = Debug|Any CPU
		Release|Any CPU = Release|Any CPU
	EndGlobalSection
	GlobalSection(ProjectConfigurationPlatforms) = postSolution
		{67FD3C77-DA1C-4AB2-985C-976750D90776}.Debug|Any CPU.ActiveCfg = Debug|Any CPU
		{67FD3C77-DA1C-4AB2-985C-976750D90776}.Debug|Any CPU.Build.0 = Debug|Any CPU
		{67FD3C77-DA1C-4AB2-985C-976750D90776}.Release|Any CPU.ActiveCfg = Release|Any CPU
		{67FD3C77-DA1C-4AB2-985C-976750D90776}.Release|Any CPU.Build.0 = Release|Any CPU
	EndGlobalSection
	GlobalSection(SolutionProperties) = preSolution
		HideSolutionNode = FALSE
	EndGlobalSection
	GlobalSection(ExtensibilityGlobals) = postSolution
		SolutionGuid = {31CDA69D-26A2-43B7-98E2-6EB18A00D555}
	EndGlobalSection
EndGlobal
